
Microsoft Visual Studio Solution File, Format Version 12.00
# Visual Studio 2012
Project("{FAE04EC0-301F-11D3-BF4B-00C04F79EFBC}") = "STrackerServer", "STrackerServer\STrackerServer.csproj", "{12275273-7251-40DE-BB59-F889996A0172}"
EndProject
Project("{FAE04EC0-301F-11D3-BF4B-00C04F79EFBC}") = "STrackerServer.Tests", "STrackerServer.Tests\STrackerServer.Tests.csproj", "{BF1F8935-EEDB-43A8-9F50-3285623BBF7F}"
	ProjectSection(ProjectDependencies) = postProject
		{12275273-7251-40DE-BB59-F889996A0172} = {12275273-7251-40DE-BB59-F889996A0172}
	EndProjectSection
EndProject
Project("{FAE04EC0-301F-11D3-BF4B-00C04F79EFBC}") = "STrackerServer.DataAccessLayer", "STrackerServer.DataAccessLayer\STrackerServer.DataAccessLayer.csproj", "{F7946D64-169E-437B-9D4C-69D56F4C32F4}"
EndProject
Project("{FAE04EC0-301F-11D3-BF4B-00C04F79EFBC}") = "STrackerServer.Repository.MongoDB", "STrackerServer.Repository.MongoDB\STrackerServer.Repository.MongoDB.csproj", "{A43347C5-0AA1-4712-8451-8B9B91666B76}"
EndProject
Project("{FAE04EC0-301F-11D3-BF4B-00C04F79EFBC}") = "STrackerServer.BusinessLayer", "STrackerServer.BusinessLayer\STrackerServer.BusinessLayer.csproj", "{A96F93CE-920A-4000-9EE7-662AC236EF11}"
EndProject
Project("{FAE04EC0-301F-11D3-BF4B-00C04F79EFBC}") = "STrackerServer.NinjectDependencies", "STrackerServer.NinjectDependencies\STrackerServer.NinjectDependencies.csproj", "{8EBC7AE5-4F9C-4C2C-B2FA-6629EA485A92}"
	ProjectSection(ProjectDependencies) = postProject
		{F7946D64-169E-437B-9D4C-69D56F4C32F4} = {F7946D64-169E-437B-9D4C-69D56F4C32F4}
		{A43347C5-0AA1-4712-8451-8B9B91666B76} = {A43347C5-0AA1-4712-8451-8B9B91666B76}
		{A96F93CE-920A-4000-9EE7-662AC236EF11} = {A96F93CE-920A-4000-9EE7-662AC236EF11}
	EndProjectSection
EndProject
Project("{2150E333-8FDC-42A3-9474-1A3956D46DE8}") = ".nuget", ".nuget", "{5ED3A536-646A-40B8-BD2E-688892A4BD4B}"
	ProjectSection(SolutionItems) = preProject
		.nuget\NuGet.Config = .nuget\NuGet.Config
		.nuget\NuGet.exe = .nuget\NuGet.exe
		.nuget\NuGet.targets = .nuget\NuGet.targets
	EndProjectSection
EndProject
Project("{FAE04EC0-301F-11D3-BF4B-00C04F79EFBC}") = "HawkNet", "HawkNet\HawkNet.csproj", "{F997CE59-EEE3-42E4-B41A-B32985994603}"
EndProject
Project("{FAE04EC0-301F-11D3-BF4B-00C04F79EFBC}") = "STrackerServer.Logger", "STrackerServer.Logger\STrackerServer.Logger.csproj", "{42225651-A274-420D-934E-45DB9250FCF9}"
EndProject
Global
	GlobalSection(SolutionConfigurationPlatforms) = preSolution
		Debug|Any CPU = Debug|Any CPU
		Release|Any CPU = Release|Any CPU
		Signed|Any CPU = Signed|Any CPU
		Signed35|Any CPU = Signed35|Any CPU
	EndGlobalSection
	GlobalSection(ProjectConfigurationPlatforms) = postSolution
		{12275273-7251-40DE-BB59-F889996A0172}.Debug|Any CPU.ActiveCfg = Debug|Any CPU
		{12275273-7251-40DE-BB59-F889996A0172}.Debug|Any CPU.Build.0 = Debug|Any CPU
		{12275273-7251-40DE-BB59-F889996A0172}.Release|Any CPU.ActiveCfg = Release|Any CPU
		{12275273-7251-40DE-BB59-F889996A0172}.Release|Any CPU.Build.0 = Release|Any CPU
		{12275273-7251-40DE-BB59-F889996A0172}.Signed|Any CPU.ActiveCfg = Release|Any CPU
		{12275273-7251-40DE-BB59-F889996A0172}.Signed|Any CPU.Build.0 = Release|Any CPU
		{12275273-7251-40DE-BB59-F889996A0172}.Signed35|Any CPU.ActiveCfg = Release|Any CPU
		{12275273-7251-40DE-BB59-F889996A0172}.Signed35|Any CPU.Build.0 = Release|Any CPU
		{BF1F8935-EEDB-43A8-9F50-3285623BBF7F}.Debug|Any CPU.ActiveCfg = Debug|Any CPU
		{BF1F8935-EEDB-43A8-9F50-3285623BBF7F}.Debug|Any CPU.Build.0 = Debug|Any CPU
		{BF1F8935-EEDB-43A8-9F50-3285623BBF7F}.Release|Any CPU.ActiveCfg = Release|Any CPU
		{BF1F8935-EEDB-43A8-9F50-3285623BBF7F}.Release|Any CPU.Build.0 = Release|Any CPU
		{BF1F8935-EEDB-43A8-9F50-3285623BBF7F}.Signed|Any CPU.ActiveCfg = Release|Any CPU
		{BF1F8935-EEDB-43A8-9F50-3285623BBF7F}.Signed|Any CPU.Build.0 = Release|Any CPU
		{BF1F8935-EEDB-43A8-9F50-3285623BBF7F}.Signed35|Any CPU.ActiveCfg = Release|Any CPU
		{BF1F8935-EEDB-43A8-9F50-3285623BBF7F}.Signed35|Any CPU.Build.0 = Release|Any CPU
		{F7946D64-169E-437B-9D4C-69D56F4C32F4}.Debug|Any CPU.ActiveCfg = Debug|Any CPU
		{F7946D64-169E-437B-9D4C-69D56F4C32F4}.Debug|Any CPU.Build.0 = Debug|Any CPU
		{F7946D64-169E-437B-9D4C-69D56F4C32F4}.Release|Any CPU.ActiveCfg = Release|Any CPU
		{F7946D64-169E-437B-9D4C-69D56F4C32F4}.Release|Any CPU.Build.0 = Release|Any CPU
		{F7946D64-169E-437B-9D4C-69D56F4C32F4}.Signed|Any CPU.ActiveCfg = Release|Any CPU
		{F7946D64-169E-437B-9D4C-69D56F4C32F4}.Signed|Any CPU.Build.0 = Release|Any CPU
		{F7946D64-169E-437B-9D4C-69D56F4C32F4}.Signed35|Any CPU.ActiveCfg = Release|Any CPU
		{F7946D64-169E-437B-9D4C-69D56F4C32F4}.Signed35|Any CPU.Build.0 = Release|Any CPU
		{A43347C5-0AA1-4712-8451-8B9B91666B76}.Debug|Any CPU.ActiveCfg = Debug|Any CPU
		{A43347C5-0AA1-4712-8451-8B9B91666B76}.Debug|Any CPU.Build.0 = Debug|Any CPU
		{A43347C5-0AA1-4712-8451-8B9B91666B76}.Release|Any CPU.ActiveCfg = Release|Any CPU
		{A43347C5-0AA1-4712-8451-8B9B91666B76}.Release|Any CPU.Build.0 = Release|Any CPU
		{A43347C5-0AA1-4712-8451-8B9B91666B76}.Signed|Any CPU.ActiveCfg = Release|Any CPU
		{A43347C5-0AA1-4712-8451-8B9B91666B76}.Signed|Any CPU.Build.0 = Release|Any CPU
		{A43347C5-0AA1-4712-8451-8B9B91666B76}.Signed35|Any CPU.ActiveCfg = Release|Any CPU
		{A43347C5-0AA1-4712-8451-8B9B91666B76}.Signed35|Any CPU.Build.0 = Release|Any CPU
		{A96F93CE-920A-4000-9EE7-662AC236EF11}.Debug|Any CPU.ActiveCfg = Debug|Any CPU
		{A96F93CE-920A-4000-9EE7-662AC236EF11}.Debug|Any CPU.Build.0 = Debug|Any CPU
		{A96F93CE-920A-4000-9EE7-662AC236EF11}.Release|Any CPU.ActiveCfg = Release|Any CPU
		{A96F93CE-920A-4000-9EE7-662AC236EF11}.Release|Any CPU.Build.0 = Release|Any CPU
		{A96F93CE-920A-4000-9EE7-662AC236EF11}.Signed|Any CPU.ActiveCfg = Release|Any CPU
		{A96F93CE-920A-4000-9EE7-662AC236EF11}.Signed|Any CPU.Build.0 = Release|Any CPU
		{A96F93CE-920A-4000-9EE7-662AC236EF11}.Signed35|Any CPU.ActiveCfg = Release|Any CPU
		{A96F93CE-920A-4000-9EE7-662AC236EF11}.Signed35|Any CPU.Build.0 = Release|Any CPU
		{8EBC7AE5-4F9C-4C2C-B2FA-6629EA485A92}.Debug|Any CPU.ActiveCfg = Debug|Any CPU
		{8EBC7AE5-4F9C-4C2C-B2FA-6629EA485A92}.Debug|Any CPU.Build.0 = Debug|Any CPU
		{8EBC7AE5-4F9C-4C2C-B2FA-6629EA485A92}.Release|Any CPU.ActiveCfg = Release|Any CPU
		{8EBC7AE5-4F9C-4C2C-B2FA-6629EA485A92}.Release|Any CPU.Build.0 = Release|Any CPU
		{8EBC7AE5-4F9C-4C2C-B2FA-6629EA485A92}.Signed|Any CPU.ActiveCfg = Release|Any CPU
		{8EBC7AE5-4F9C-4C2C-B2FA-6629EA485A92}.Signed|Any CPU.Build.0 = Release|Any CPU
		{8EBC7AE5-4F9C-4C2C-B2FA-6629EA485A92}.Signed35|Any CPU.ActiveCfg = Release|Any CPU
		{8EBC7AE5-4F9C-4C2C-B2FA-6629EA485A92}.Signed35|Any CPU.Build.0 = Release|Any CPU
		{F997CE59-EEE3-42E4-B41A-B32985994603}.Debug|Any CPU.ActiveCfg = Debug|Any CPU
		{F997CE59-EEE3-42E4-B41A-B32985994603}.Debug|Any CPU.Build.0 = Debug|Any CPU
		{F997CE59-EEE3-42E4-B41A-B32985994603}.Release|Any CPU.ActiveCfg = Release|Any CPU
		{F997CE59-EEE3-42E4-B41A-B32985994603}.Release|Any CPU.Build.0 = Release|Any CPU
		{F997CE59-EEE3-42E4-B41A-B32985994603}.Signed|Any CPU.ActiveCfg = Signed|Any CPU
		{F997CE59-EEE3-42E4-B41A-B32985994603}.Signed|Any CPU.Build.0 = Signed|Any CPU
		{F997CE59-EEE3-42E4-B41A-B32985994603}.Signed35|Any CPU.ActiveCfg = Signed35|Any CPU
		{F997CE59-EEE3-42E4-B41A-B32985994603}.Signed35|Any CPU.Build.0 = Signed35|Any CPU
		{42225651-A274-420D-934E-45DB9250FCF9}.Debug|Any CPU.ActiveCfg = Debug|Any CPU
		{42225651-A274-420D-934E-45DB9250FCF9}.Debug|Any CPU.Build.0 = Debug|Any CPU
		{42225651-A274-420D-934E-45DB9250FCF9}.Release|Any CPU.ActiveCfg = Release|Any CPU
		{42225651-A274-420D-934E-45DB9250FCF9}.Release|Any CPU.Build.0 = Release|Any CPU
		{42225651-A274-420D-934E-45DB9250FCF9}.Signed|Any CPU.ActiveCfg = Release|Any CPU
		{42225651-A274-420D-934E-45DB9250FCF9}.Signed|Any CPU.Build.0 = Release|Any CPU
		{42225651-A274-420D-934E-45DB9250FCF9}.Signed35|Any CPU.ActiveCfg = Release|Any CPU
		{42225651-A274-420D-934E-45DB9250FCF9}.Signed35|Any CPU.Build.0 = Release|Any CPU
	EndGlobalSection
	GlobalSection(SolutionProperties) = preSolution
		HideSolutionNode = FALSE
	EndGlobalSection
EndGlobal
