
Microsoft Visual Studio Solution File, Format Version 12.00
# Visual Studio 2012
Project("{FAE04EC0-301F-11D3-BF4B-00C04F79EFBC}") = "STrackerServer", "STrackerServer\STrackerServer.csproj", "{12275273-7251-40DE-BB59-F889996A0172}"
EndProject
Project("{FAE04EC0-301F-11D3-BF4B-00C04F79EFBC}") = "STrackerServer.Tests", "STrackerServer.Tests\STrackerServer.Tests.csproj", "{BF1F8935-EEDB-43A8-9F50-3285623BBF7F}"
	ProjectSection(ProjectDependencies) = postProject
		{12275273-7251-40DE-BB59-F889996A0172} = {12275273-7251-40DE-BB59-F889996A0172}
	EndProjectSection
EndProject
Project("{FAE04EC0-301F-11D3-BF4B-00C04F79EFBC}") = "STrackerServer.DataAccessLayer", "STrackerServer.DataAccessLayer\STrackerServer.DataAccessLayer.csproj", "{F7946D64-169E-437B-9D4C-69D56F4C32F4}"
EndProject
Project("{FAE04EC0-301F-11D3-BF4B-00C04F79EFBC}") = "STrackerServer.Repository.MongoDB", "STrackerServer.Repository.MongoDB\STrackerServer.Repository.MongoDB.csproj", "{A43347C5-0AA1-4712-8451-8B9B91666B76}"
EndProject
Project("{FAE04EC0-301F-11D3-BF4B-00C04F79EFBC}") = "STrackerServer.BusinessLayer", "STrackerServer.BusinessLayer\STrackerServer.BusinessLayer.csproj", "{A96F93CE-920A-4000-9EE7-662AC236EF11}"
EndProject
Project("{FAE04EC0-301F-11D3-BF4B-00C04F79EFBC}") = "STrackerServer.InformationProviders", "STrackerServer.InformationProviders\STrackerServer.InformationProviders.csproj", "{C2688013-F6C9-443F-887F-B50473970D38}"
EndProject
Global
	GlobalSection(SolutionConfigurationPlatforms) = preSolution
		Debug|Any CPU = Debug|Any CPU
		Release|Any CPU = Release|Any CPU
	EndGlobalSection
	GlobalSection(ProjectConfigurationPlatforms) = postSolution
		{12275273-7251-40DE-BB59-F889996A0172}.Debug|Any CPU.ActiveCfg = Debug|Any CPU
		{12275273-7251-40DE-BB59-F889996A0172}.Debug|Any CPU.Build.0 = Debug|Any CPU
		{12275273-7251-40DE-BB59-F889996A0172}.Release|Any CPU.ActiveCfg = Release|Any CPU
		{12275273-7251-40DE-BB59-F889996A0172}.Release|Any CPU.Build.0 = Release|Any CPU
		{BF1F8935-EEDB-43A8-9F50-3285623BBF7F}.Debug|Any CPU.ActiveCfg = Debug|Any CPU
		{BF1F8935-EEDB-43A8-9F50-3285623BBF7F}.Debug|Any CPU.Build.0 = Debug|Any CPU
		{BF1F8935-EEDB-43A8-9F50-3285623BBF7F}.Release|Any CPU.ActiveCfg = Release|Any CPU
		{BF1F8935-EEDB-43A8-9F50-3285623BBF7F}.Release|Any CPU.Build.0 = Release|Any CPU
		{F7946D64-169E-437B-9D4C-69D56F4C32F4}.Debug|Any CPU.ActiveCfg = Debug|Any CPU
		{F7946D64-169E-437B-9D4C-69D56F4C32F4}.Debug|Any CPU.Build.0 = Debug|Any CPU
		{F7946D64-169E-437B-9D4C-69D56F4C32F4}.Release|Any CPU.ActiveCfg = Release|Any CPU
		{F7946D64-169E-437B-9D4C-69D56F4C32F4}.Release|Any CPU.Build.0 = Release|Any CPU
		{A43347C5-0AA1-4712-8451-8B9B91666B76}.Debug|Any CPU.ActiveCfg = Debug|Any CPU
		{A43347C5-0AA1-4712-8451-8B9B91666B76}.Debug|Any CPU.Build.0 = Debug|Any CPU
		{A43347C5-0AA1-4712-8451-8B9B91666B76}.Release|Any CPU.ActiveCfg = Release|Any CPU
		{A43347C5-0AA1-4712-8451-8B9B91666B76}.Release|Any CPU.Build.0 = Release|Any CPU
		{A96F93CE-920A-4000-9EE7-662AC236EF11}.Debug|Any CPU.ActiveCfg = Debug|Any CPU
		{A96F93CE-920A-4000-9EE7-662AC236EF11}.Debug|Any CPU.Build.0 = Debug|Any CPU
		{A96F93CE-920A-4000-9EE7-662AC236EF11}.Release|Any CPU.ActiveCfg = Release|Any CPU
		{A96F93CE-920A-4000-9EE7-662AC236EF11}.Release|Any CPU.Build.0 = Release|Any CPU
		{C2688013-F6C9-443F-887F-B50473970D38}.Debug|Any CPU.ActiveCfg = Debug|Any CPU
		{C2688013-F6C9-443F-887F-B50473970D38}.Debug|Any CPU.Build.0 = Debug|Any CPU
		{C2688013-F6C9-443F-887F-B50473970D38}.Release|Any CPU.ActiveCfg = Release|Any CPU
		{C2688013-F6C9-443F-887F-B50473970D38}.Release|Any CPU.Build.0 = Release|Any CPU
	EndGlobalSection
	GlobalSection(SolutionProperties) = preSolution
		HideSolutionNode = FALSE
	EndGlobalSection
EndGlobal
